// !$*UTF8*$!
{
	archiveVersion = 1;
	classes = {
	};
	objectVersion = 56;
	objects = {

/* Begin PBXBuildFile section */
		CE19D9A62990CE15003F4399 /* UmuljeongApp.swift in Sources */ = {isa = PBXBuildFile; fileRef = CE19D9A52990CE15003F4399 /* UmuljeongApp.swift */; };
		CE19D9AA2990CE16003F4399 /* Assets.xcassets in Resources */ = {isa = PBXBuildFile; fileRef = CE19D9A92990CE16003F4399 /* Assets.xcassets */; };
		CE19D9AD2990CE16003F4399 /* Preview Assets.xcassets in Resources */ = {isa = PBXBuildFile; fileRef = CE19D9AC2990CE16003F4399 /* Preview Assets.xcassets */; };
		CE19D9B42990EB18003F4399 /* SignInView.swift in Sources */ = {isa = PBXBuildFile; fileRef = CE19D9B32990EB18003F4399 /* SignInView.swift */; };
		CE19D9B62990EB22003F4399 /* SignUpView.swift in Sources */ = {isa = PBXBuildFile; fileRef = CE19D9B52990EB22003F4399 /* SignUpView.swift */; };
		CE19D9B82990EB37003F4399 /* RoleSelectView.swift in Sources */ = {isa = PBXBuildFile; fileRef = CE19D9B72990EB37003F4399 /* RoleSelectView.swift */; };
		CE19D9BA2990EB42003F4399 /* CompanyCreateView.swift in Sources */ = {isa = PBXBuildFile; fileRef = CE19D9B92990EB42003F4399 /* CompanyCreateView.swift */; };
		CE19D9C72990F016003F4399 /* Pretendard-Thin.otf in Resources */ = {isa = PBXBuildFile; fileRef = CE19D9BE2990F015003F4399 /* Pretendard-Thin.otf */; };
		CE19D9C82990F016003F4399 /* Pretendard-Bold.otf in Resources */ = {isa = PBXBuildFile; fileRef = CE19D9BF2990F015003F4399 /* Pretendard-Bold.otf */; };
		CE19D9C92990F016003F4399 /* Pretendard-Light.otf in Resources */ = {isa = PBXBuildFile; fileRef = CE19D9C02990F015003F4399 /* Pretendard-Light.otf */; };
		CE19D9CA2990F016003F4399 /* Pretendard-Regular.otf in Resources */ = {isa = PBXBuildFile; fileRef = CE19D9C12990F015003F4399 /* Pretendard-Regular.otf */; };
		CE19D9CB2990F016003F4399 /* Pretendard-Medium.otf in Resources */ = {isa = PBXBuildFile; fileRef = CE19D9C22990F016003F4399 /* Pretendard-Medium.otf */; };
		CE19D9CC2990F016003F4399 /* Pretendard-ExtraBold.otf in Resources */ = {isa = PBXBuildFile; fileRef = CE19D9C32990F016003F4399 /* Pretendard-ExtraBold.otf */; };
		CE19D9CD2990F016003F4399 /* Pretendard-Black.otf in Resources */ = {isa = PBXBuildFile; fileRef = CE19D9C42990F016003F4399 /* Pretendard-Black.otf */; };
		CE19D9CE2990F016003F4399 /* Pretendard-SemiBold.otf in Resources */ = {isa = PBXBuildFile; fileRef = CE19D9C52990F016003F4399 /* Pretendard-SemiBold.otf */; };
		CE19D9CF2990F016003F4399 /* Pretendard-ExtraLight.otf in Resources */ = {isa = PBXBuildFile; fileRef = CE19D9C62990F016003F4399 /* Pretendard-ExtraLight.otf */; };
		CE217ACB299A3293005C9CF2 /* CalendarFomatter.swift in Sources */ = {isa = PBXBuildFile; fileRef = CE217ACA299A3293005C9CF2 /* CalendarFomatter.swift */; };
		CE217AD9299B3C42005C9CF2 /* Entity.swift in Sources */ = {isa = PBXBuildFile; fileRef = CE217AD8299B3C42005C9CF2 /* Entity.swift */; };
		CE217ADB299B3C60005C9CF2 /* Repository.swift in Sources */ = {isa = PBXBuildFile; fileRef = CE217ADA299B3C60005C9CF2 /* Repository.swift */; };
		CE217ADD299B3C76005C9CF2 /* CalendarModel.swift in Sources */ = {isa = PBXBuildFile; fileRef = CE217ADC299B3C76005C9CF2 /* CalendarModel.swift */; };
		CE217AE0299B3E7B005C9CF2 /* CalendarService.swift in Sources */ = {isa = PBXBuildFile; fileRef = CE217ADF299B3E7B005C9CF2 /* CalendarService.swift */; };
		CE217AE2299B5A03005C9CF2 /* SelectedData.swift in Sources */ = {isa = PBXBuildFile; fileRef = CE217AE1299B5A03005C9CF2 /* SelectedData.swift */; };
		CE217AF8299DC41D005C9CF2 /* WorkListView.swift in Sources */ = {isa = PBXBuildFile; fileRef = CE217AF7299DC41D005C9CF2 /* WorkListView.swift */; };
		CE217B21299E2AE7005C9CF2 /* WorkListCell.swift in Sources */ = {isa = PBXBuildFile; fileRef = CE217B20299E2AE7005C9CF2 /* WorkListCell.swift */; };
		CE217B23299E2BBC005C9CF2 /* CategoryLabel.swift in Sources */ = {isa = PBXBuildFile; fileRef = CE217B22299E2BBC005C9CF2 /* CategoryLabel.swift */; };
		CE2904A9299F2CDF00C9484E /* AddWorkView.swift in Sources */ = {isa = PBXBuildFile; fileRef = CE2904A8299F2CDF00C9484E /* AddWorkView.swift */; };
		CE2904C3299F3ED900C9484E /* Font.swift in Sources */ = {isa = PBXBuildFile; fileRef = CE2904C2299F3ED900C9484E /* Font.swift */; };
		CE2904C5299F3EFC00C9484E /* Color.swift in Sources */ = {isa = PBXBuildFile; fileRef = CE2904C4299F3EFC00C9484E /* Color.swift */; };
		CE2904C7299F3F3D00C9484E /* Image.swift in Sources */ = {isa = PBXBuildFile; fileRef = CE2904C6299F3F3D00C9484E /* Image.swift */; };
		CE2904C9299F3F6E00C9484E /* Text.swift in Sources */ = {isa = PBXBuildFile; fileRef = CE2904C8299F3F6E00C9484E /* Text.swift */; };
		CE2904CB299F3F8B00C9484E /* URLs.swift in Sources */ = {isa = PBXBuildFile; fileRef = CE2904CA299F3F8B00C9484E /* URLs.swift */; };
		CE2904CD299F3FE200C9484E /* TypoStyle.swift in Sources */ = {isa = PBXBuildFile; fileRef = CE2904CC299F3FE200C9484E /* TypoStyle.swift */; };
		CE2904D9299F465A00C9484E /* LogoutView.swift in Sources */ = {isa = PBXBuildFile; fileRef = CE2904D8299F465A00C9484E /* LogoutView.swift */; };
		CE2904DC299F472100C9484E /* ChangePasswordView.swift in Sources */ = {isa = PBXBuildFile; fileRef = CE2904DA299F472100C9484E /* ChangePasswordView.swift */; };
		CE2904DD299F472100C9484E /* ChangeWorkCategoryView.swift in Sources */ = {isa = PBXBuildFile; fileRef = CE2904DB299F472100C9484E /* ChangeWorkCategoryView.swift */; };
		CE2904E1299F474800C9484E /* ResignView.swift in Sources */ = {isa = PBXBuildFile; fileRef = CE2904E0299F474800C9484E /* ResignView.swift */; };
		CE2904E3299F476400C9484E /* AppInfoView.swift in Sources */ = {isa = PBXBuildFile; fileRef = CE2904E2299F476400C9484E /* AppInfoView.swift */; };
		CE4A29FA29A39DE2007138AF /* StartDatePickCalendar.swift in Sources */ = {isa = PBXBuildFile; fileRef = CE4A29F929A39DE2007138AF /* StartDatePickCalendar.swift */; };
		CE4A29FD29A3B0E2007138AF /* FinishDatePickCalendar.swift in Sources */ = {isa = PBXBuildFile; fileRef = CE4A29FC29A3B0E2007138AF /* FinishDatePickCalendar.swift */; };
		CE647762299F47E40051CE1A /* SignUpBasicTextFiled.swift in Sources */ = {isa = PBXBuildFile; fileRef = CE647761299F47E40051CE1A /* SignUpBasicTextFiled.swift */; };
		CE647764299F47FC0051CE1A /* ButtonTextFiled.swift in Sources */ = {isa = PBXBuildFile; fileRef = CE647763299F47FC0051CE1A /* ButtonTextFiled.swift */; };
		CE647766299F48180051CE1A /* WeekCalendar.swift in Sources */ = {isa = PBXBuildFile; fileRef = CE647765299F48180051CE1A /* WeekCalendar.swift */; };
		CE647768299F482A0051CE1A /* MonthCalendar.swift in Sources */ = {isa = PBXBuildFile; fileRef = CE647767299F482A0051CE1A /* MonthCalendar.swift */; };
		CE647770299F50B90051CE1A /* TeskModel.swift in Sources */ = {isa = PBXBuildFile; fileRef = CE64776F299F50B90051CE1A /* TeskModel.swift */; };
		CE647773299F59D30051CE1A /* DetailTaskView.swift in Sources */ = {isa = PBXBuildFile; fileRef = CE647772299F59D30051CE1A /* DetailTaskView.swift */; };
		CE64777529A0EEF00051CE1A /* SearchBar.swift in Sources */ = {isa = PBXBuildFile; fileRef = CE64777429A0EEF00051CE1A /* SearchBar.swift */; };
		CE64777729A125220051CE1A /* CustomerCell.swift in Sources */ = {isa = PBXBuildFile; fileRef = CE64777629A125220051CE1A /* CustomerCell.swift */; };
		CE64777C29A134AD0051CE1A /* CustomerListModel.swift in Sources */ = {isa = PBXBuildFile; fileRef = CE64777B29A134AD0051CE1A /* CustomerListModel.swift */; };
		CE64777E29A139ED0051CE1A /* AddCustomerView.swift in Sources */ = {isa = PBXBuildFile; fileRef = CE64777D29A139ED0051CE1A /* AddCustomerView.swift */; };
		CE64778029A147CD0051CE1A /* DetailCustomerView.swift in Sources */ = {isa = PBXBuildFile; fileRef = CE64777F29A147CD0051CE1A /* DetailCustomerView.swift */; };
		CE64778229A1D0DC0051CE1A /* View + Extension.swift in Sources */ = {isa = PBXBuildFile; fileRef = CE64778129A1D0DC0051CE1A /* View + Extension.swift */; };
		CE64778429A1EE210051CE1A /* DetailCustomerCallCell.swift in Sources */ = {isa = PBXBuildFile; fileRef = CE64778329A1EE210051CE1A /* DetailCustomerCallCell.swift */; };
		CE64778629A1F14B0051CE1A /* DeviceSize.swift in Sources */ = {isa = PBXBuildFile; fileRef = CE64778529A1F14B0051CE1A /* DeviceSize.swift */; };
		CE64778829A1FBAC0051CE1A /* CustomerDetailImage.swift in Sources */ = {isa = PBXBuildFile; fileRef = CE64778729A1FBAC0051CE1A /* CustomerDetailImage.swift */; };
		CE64778A29A20E8D0051CE1A /* BasicButtonLabel.swift in Sources */ = {isa = PBXBuildFile; fileRef = CE64778929A20E8D0051CE1A /* BasicButtonLabel.swift */; };
		CE64778C29A20EA10051CE1A /* BasicLineButtonLabel.swift in Sources */ = {isa = PBXBuildFile; fileRef = CE64778B29A20EA10051CE1A /* BasicLineButtonLabel.swift */; };
		CE64778E29A2104F0051CE1A /* PlusButtonLabel.swift in Sources */ = {isa = PBXBuildFile; fileRef = CE64778D29A2104F0051CE1A /* PlusButtonLabel.swift */; };
		CE64779329A3216F0051CE1A /* DetailCustomerViewModel.swift in Sources */ = {isa = PBXBuildFile; fileRef = CE64779229A3216F0051CE1A /* DetailCustomerViewModel.swift */; };
		CE64779629A34F0D0051CE1A /* BusinessCalendar.swift in Sources */ = {isa = PBXBuildFile; fileRef = CE64779529A34F0D0051CE1A /* BusinessCalendar.swift */; };
		CE64779829A356A80051CE1A /* BusinessWeekCalendar.swift in Sources */ = {isa = PBXBuildFile; fileRef = CE64779729A356A80051CE1A /* BusinessWeekCalendar.swift */; };
		CE64779A29A3593B0051CE1A /* TESTVIEW.swift in Sources */ = {isa = PBXBuildFile; fileRef = CE64779929A3593B0051CE1A /* TESTVIEW.swift */; };
		CE64779C29A36B080051CE1A /* CalendarVM.swift in Sources */ = {isa = PBXBuildFile; fileRef = CE64779B29A36B080051CE1A /* CalendarVM.swift */; };
		CE85159A2997AA4A008E5677 /* MainHomeView.swift in Sources */ = {isa = PBXBuildFile; fileRef = CE8515992997AA4A008E5677 /* MainHomeView.swift */; };
		CE85159C2997AA8F008E5677 /* BusinessManageView.swift in Sources */ = {isa = PBXBuildFile; fileRef = CE85159B2997AA8F008E5677 /* BusinessManageView.swift */; };
		CE85159E2997AAAF008E5677 /* CustomerView.swift in Sources */ = {isa = PBXBuildFile; fileRef = CE85159D2997AAAF008E5677 /* CustomerView.swift */; };
		CE8515A02997AAF8008E5677 /* MemberView.swift in Sources */ = {isa = PBXBuildFile; fileRef = CE85159F2997AAF8008E5677 /* MemberView.swift */; };
		CE8515A22997D752008E5677 /* SettingView.swift in Sources */ = {isa = PBXBuildFile; fileRef = CE8515A12997D752008E5677 /* SettingView.swift */; };
		CE8515A62998BB45008E5677 /* SettingModel.swift in Sources */ = {isa = PBXBuildFile; fileRef = CE8515A52998BB45008E5677 /* SettingModel.swift */; };
		CE8515A92999E9DD008E5677 /* FSCalendar in Frameworks */ = {isa = PBXBuildFile; productRef = CE8515A82999E9DD008E5677 /* FSCalendar */; };
		CE8515B2299A071E008E5677 /* CalendarViewModel.swift in Sources */ = {isa = PBXBuildFile; fileRef = CE8515B1299A071E008E5677 /* CalendarViewModel.swift */; };
		CE9E57AF299201E700DCDB63 /* SignUpViewModel.swift in Sources */ = {isa = PBXBuildFile; fileRef = CE9E57AE299201E700DCDB63 /* SignUpViewModel.swift */; };
		CE9E57B729954CD700DCDB63 /* BasicTextFiled.swift in Sources */ = {isa = PBXBuildFile; fileRef = CE9E57B629954CD700DCDB63 /* BasicTextFiled.swift */; };
		CE9E57BD2995E80100DCDB63 /* TextFiledStyle.swift in Sources */ = {isa = PBXBuildFile; fileRef = CE9E57BC2995E80100DCDB63 /* TextFiledStyle.swift */; };
		CE9E57BF2995E85400DCDB63 /* TapCase.swift in Sources */ = {isa = PBXBuildFile; fileRef = CE9E57BE2995E85400DCDB63 /* TapCase.swift */; };
		CE9E57C22996063100DCDB63 /* CompanyCreateViewModel.swift in Sources */ = {isa = PBXBuildFile; fileRef = CE9E57C12996063100DCDB63 /* CompanyCreateViewModel.swift */; };
		CE9E57C52996370200DCDB63 /* MainTabView.swift in Sources */ = {isa = PBXBuildFile; fileRef = CE9E57C42996370200DCDB63 /* MainTabView.swift */; };
		CECAC35029A3D35500FF8511 /* StartFinishDateView.swift in Sources */ = {isa = PBXBuildFile; fileRef = CECAC34F29A3D35500FF8511 /* StartFinishDateView.swift */; };
		CECAC35529A3DCAD00FF8511 /* OtherTaskLabel.swift in Sources */ = {isa = PBXBuildFile; fileRef = CECAC35429A3DCAD00FF8511 /* OtherTaskLabel.swift */; };
		CECAC35729A3E36700FF8511 /* TaskWithDateCell.swift in Sources */ = {isa = PBXBuildFile; fileRef = CECAC35629A3E36700FF8511 /* TaskWithDateCell.swift */; };
		CECAC35929A3EABE00FF8511 /* VisitGraphView.swift in Sources */ = {isa = PBXBuildFile; fileRef = CECAC35829A3EABE00FF8511 /* VisitGraphView.swift */; };
		CECAC35D29A3EE7200FF8511 /* AddBusinessView.swift in Sources */ = {isa = PBXBuildFile; fileRef = CECAC35C29A3EE7200FF8511 /* AddBusinessView.swift */; };
		CECAC36129A3F4F800FF8511 /* AddBusinessViewModel.swift in Sources */ = {isa = PBXBuildFile; fileRef = CECAC36029A3F4F800FF8511 /* AddBusinessViewModel.swift */; };
		CECAC36329A3F68F00FF8511 /* ImportEmployeeLabel.swift in Sources */ = {isa = PBXBuildFile; fileRef = CECAC36229A3F68F00FF8511 /* ImportEmployeeLabel.swift */; };
		CECAC36529A3F97300FF8511 /* EmployeeProfileView.swift in Sources */ = {isa = PBXBuildFile; fileRef = CECAC36429A3F97300FF8511 /* EmployeeProfileView.swift */; };
		CECAC36F29A46C3200FF8511 /* BusinessManagerViewModel.swift in Sources */ = {isa = PBXBuildFile; fileRef = CECAC36E29A46C3200FF8511 /* BusinessManagerViewModel.swift */; };
		CECAC37629A472EF00FF8511 /* SettingCategoryCell.swift in Sources */ = {isa = PBXBuildFile; fileRef = CECAC37529A472EF00FF8511 /* SettingCategoryCell.swift */; };
		CECAC37929A4C71E00FF8511 /* CategoryOptionCell.swift in Sources */ = {isa = PBXBuildFile; fileRef = CECAC37829A4C71E00FF8511 /* CategoryOptionCell.swift */; };
		CECAC37B29A4D62C00FF8511 /* PopupCategoryView.swift in Sources */ = {isa = PBXBuildFile; fileRef = CECAC37A29A4D62C00FF8511 /* PopupCategoryView.swift */; };
		CECAC37D29A5154000FF8511 /* CancelButtonLabel.swift in Sources */ = {isa = PBXBuildFile; fileRef = CECAC37C29A5154000FF8511 /* CancelButtonLabel.swift */; };
		CECAC38929A5FBBB00FF8511 /* CategoryCircleColor.swift in Sources */ = {isa = PBXBuildFile; fileRef = CECAC38829A5FBBB00FF8511 /* CategoryCircleColor.swift */; };
		CECAC38B29A60F2900FF8511 /* CatogoryModel.swift in Sources */ = {isa = PBXBuildFile; fileRef = CECAC38A29A60F2900FF8511 /* CatogoryModel.swift */; };
		CECAC38E29A6121B00FF8511 /* ChangeWorkCategoryViewModel.swift in Sources */ = {isa = PBXBuildFile; fileRef = CECAC38D29A6121B00FF8511 /* ChangeWorkCategoryViewModel.swift */; };
		CECAC39029A62ED700FF8511 /* CategoryDeleteOptionCell.swift in Sources */ = {isa = PBXBuildFile; fileRef = CECAC38F29A62ED700FF8511 /* CategoryDeleteOptionCell.swift */; };
/* End PBXBuildFile section */

/* Begin PBXFileReference section */
		CE19D9A22990CE15003F4399 /* Umuljeong.app */ = {isa = PBXFileReference; explicitFileType = wrapper.application; includeInIndex = 0; path = Umuljeong.app; sourceTree = BUILT_PRODUCTS_DIR; };
		CE19D9A52990CE15003F4399 /* UmuljeongApp.swift */ = {isa = PBXFileReference; lastKnownFileType = sourcecode.swift; path = UmuljeongApp.swift; sourceTree = "<group>"; };
		CE19D9A92990CE16003F4399 /* Assets.xcassets */ = {isa = PBXFileReference; lastKnownFileType = folder.assetcatalog; path = Assets.xcassets; sourceTree = "<group>"; };
		CE19D9AC2990CE16003F4399 /* Preview Assets.xcassets */ = {isa = PBXFileReference; lastKnownFileType = folder.assetcatalog; path = "Preview Assets.xcassets"; sourceTree = "<group>"; };
		CE19D9B32990EB18003F4399 /* SignInView.swift */ = {isa = PBXFileReference; lastKnownFileType = sourcecode.swift; path = SignInView.swift; sourceTree = "<group>"; };
		CE19D9B52990EB22003F4399 /* SignUpView.swift */ = {isa = PBXFileReference; lastKnownFileType = sourcecode.swift; path = SignUpView.swift; sourceTree = "<group>"; };
		CE19D9B72990EB37003F4399 /* RoleSelectView.swift */ = {isa = PBXFileReference; lastKnownFileType = sourcecode.swift; path = RoleSelectView.swift; sourceTree = "<group>"; };
		CE19D9B92990EB42003F4399 /* CompanyCreateView.swift */ = {isa = PBXFileReference; lastKnownFileType = sourcecode.swift; path = CompanyCreateView.swift; sourceTree = "<group>"; };
		CE19D9BE2990F015003F4399 /* Pretendard-Thin.otf */ = {isa = PBXFileReference; lastKnownFileType = file; path = "Pretendard-Thin.otf"; sourceTree = "<group>"; };
		CE19D9BF2990F015003F4399 /* Pretendard-Bold.otf */ = {isa = PBXFileReference; lastKnownFileType = file; path = "Pretendard-Bold.otf"; sourceTree = "<group>"; };
		CE19D9C02990F015003F4399 /* Pretendard-Light.otf */ = {isa = PBXFileReference; lastKnownFileType = file; path = "Pretendard-Light.otf"; sourceTree = "<group>"; };
		CE19D9C12990F015003F4399 /* Pretendard-Regular.otf */ = {isa = PBXFileReference; lastKnownFileType = file; path = "Pretendard-Regular.otf"; sourceTree = "<group>"; };
		CE19D9C22990F016003F4399 /* Pretendard-Medium.otf */ = {isa = PBXFileReference; lastKnownFileType = file; path = "Pretendard-Medium.otf"; sourceTree = "<group>"; };
		CE19D9C32990F016003F4399 /* Pretendard-ExtraBold.otf */ = {isa = PBXFileReference; lastKnownFileType = file; path = "Pretendard-ExtraBold.otf"; sourceTree = "<group>"; };
		CE19D9C42990F016003F4399 /* Pretendard-Black.otf */ = {isa = PBXFileReference; lastKnownFileType = file; path = "Pretendard-Black.otf"; sourceTree = "<group>"; };
		CE19D9C52990F016003F4399 /* Pretendard-SemiBold.otf */ = {isa = PBXFileReference; lastKnownFileType = file; path = "Pretendard-SemiBold.otf"; sourceTree = "<group>"; };
		CE19D9C62990F016003F4399 /* Pretendard-ExtraLight.otf */ = {isa = PBXFileReference; lastKnownFileType = file; path = "Pretendard-ExtraLight.otf"; sourceTree = "<group>"; };
		CE19D9D02990F064003F4399 /* Info.plist */ = {isa = PBXFileReference; lastKnownFileType = text.plist; path = Info.plist; sourceTree = "<group>"; };
		CE217ACA299A3293005C9CF2 /* CalendarFomatter.swift */ = {isa = PBXFileReference; lastKnownFileType = sourcecode.swift; path = CalendarFomatter.swift; sourceTree = "<group>"; };
		CE217AD8299B3C42005C9CF2 /* Entity.swift */ = {isa = PBXFileReference; lastKnownFileType = sourcecode.swift; path = Entity.swift; sourceTree = "<group>"; };
		CE217ADA299B3C60005C9CF2 /* Repository.swift */ = {isa = PBXFileReference; lastKnownFileType = sourcecode.swift; path = Repository.swift; sourceTree = "<group>"; };
		CE217ADC299B3C76005C9CF2 /* CalendarModel.swift */ = {isa = PBXFileReference; lastKnownFileType = sourcecode.swift; path = CalendarModel.swift; sourceTree = "<group>"; };
		CE217ADF299B3E7B005C9CF2 /* CalendarService.swift */ = {isa = PBXFileReference; lastKnownFileType = sourcecode.swift; path = CalendarService.swift; sourceTree = "<group>"; };
		CE217AE1299B5A03005C9CF2 /* SelectedData.swift */ = {isa = PBXFileReference; lastKnownFileType = sourcecode.swift; path = SelectedData.swift; sourceTree = "<group>"; };
		CE217AF7299DC41D005C9CF2 /* WorkListView.swift */ = {isa = PBXFileReference; lastKnownFileType = sourcecode.swift; path = WorkListView.swift; sourceTree = "<group>"; };
		CE217B20299E2AE7005C9CF2 /* WorkListCell.swift */ = {isa = PBXFileReference; lastKnownFileType = sourcecode.swift; path = WorkListCell.swift; sourceTree = "<group>"; };
		CE217B22299E2BBC005C9CF2 /* CategoryLabel.swift */ = {isa = PBXFileReference; lastKnownFileType = sourcecode.swift; path = CategoryLabel.swift; sourceTree = "<group>"; };
		CE2904A8299F2CDF00C9484E /* AddWorkView.swift */ = {isa = PBXFileReference; lastKnownFileType = sourcecode.swift; path = AddWorkView.swift; sourceTree = "<group>"; };
		CE2904C2299F3ED900C9484E /* Font.swift */ = {isa = PBXFileReference; lastKnownFileType = sourcecode.swift; path = Font.swift; sourceTree = "<group>"; };
		CE2904C4299F3EFC00C9484E /* Color.swift */ = {isa = PBXFileReference; lastKnownFileType = sourcecode.swift; path = Color.swift; sourceTree = "<group>"; };
		CE2904C6299F3F3D00C9484E /* Image.swift */ = {isa = PBXFileReference; lastKnownFileType = sourcecode.swift; path = Image.swift; sourceTree = "<group>"; };
		CE2904C8299F3F6E00C9484E /* Text.swift */ = {isa = PBXFileReference; lastKnownFileType = sourcecode.swift; path = Text.swift; sourceTree = "<group>"; };
		CE2904CA299F3F8B00C9484E /* URLs.swift */ = {isa = PBXFileReference; lastKnownFileType = sourcecode.swift; path = URLs.swift; sourceTree = "<group>"; };
		CE2904CC299F3FE200C9484E /* TypoStyle.swift */ = {isa = PBXFileReference; lastKnownFileType = sourcecode.swift; path = TypoStyle.swift; sourceTree = "<group>"; };
		CE2904D8299F465A00C9484E /* LogoutView.swift */ = {isa = PBXFileReference; fileEncoding = 4; lastKnownFileType = sourcecode.swift; name = LogoutView.swift; path = Umuljeong/Presentation/View/Setting/SubViews/LogoutView.swift; sourceTree = SOURCE_ROOT; };
		CE2904DA299F472100C9484E /* ChangePasswordView.swift */ = {isa = PBXFileReference; fileEncoding = 4; lastKnownFileType = sourcecode.swift; name = ChangePasswordView.swift; path = Umuljeong/Presentation/View/Setting/SubViews/ChangePasswordView.swift; sourceTree = SOURCE_ROOT; };
		CE2904DB299F472100C9484E /* ChangeWorkCategoryView.swift */ = {isa = PBXFileReference; fileEncoding = 4; lastKnownFileType = sourcecode.swift; name = ChangeWorkCategoryView.swift; path = Umuljeong/Presentation/View/Setting/SubViews/ChangeWorkCategoryView.swift; sourceTree = SOURCE_ROOT; };
		CE2904E0299F474800C9484E /* ResignView.swift */ = {isa = PBXFileReference; fileEncoding = 4; lastKnownFileType = sourcecode.swift; name = ResignView.swift; path = Umuljeong/Presentation/View/Setting/SubViews/ResignView.swift; sourceTree = SOURCE_ROOT; };
		CE2904E2299F476400C9484E /* AppInfoView.swift */ = {isa = PBXFileReference; fileEncoding = 4; lastKnownFileType = sourcecode.swift; name = AppInfoView.swift; path = Umuljeong/Presentation/View/Setting/SubViews/AppInfoView.swift; sourceTree = SOURCE_ROOT; };
		CE4A29F929A39DE2007138AF /* StartDatePickCalendar.swift */ = {isa = PBXFileReference; lastKnownFileType = sourcecode.swift; path = StartDatePickCalendar.swift; sourceTree = "<group>"; };
		CE4A29FC29A3B0E2007138AF /* FinishDatePickCalendar.swift */ = {isa = PBXFileReference; lastKnownFileType = sourcecode.swift; path = FinishDatePickCalendar.swift; sourceTree = "<group>"; };
		CE647761299F47E40051CE1A /* SignUpBasicTextFiled.swift */ = {isa = PBXFileReference; fileEncoding = 4; lastKnownFileType = sourcecode.swift; name = SignUpBasicTextFiled.swift; path = "Umuljeong/New Group/Shared/SignUp/SignUpBasicTextFiled.swift"; sourceTree = SOURCE_ROOT; };
		CE647763299F47FC0051CE1A /* ButtonTextFiled.swift */ = {isa = PBXFileReference; fileEncoding = 4; lastKnownFileType = sourcecode.swift; name = ButtonTextFiled.swift; path = "Umuljeong/New Group/Shared/SignUp/ButtonTextFiled.swift"; sourceTree = SOURCE_ROOT; };
		CE647765299F48180051CE1A /* WeekCalendar.swift */ = {isa = PBXFileReference; fileEncoding = 4; lastKnownFileType = sourcecode.swift; path = WeekCalendar.swift; sourceTree = "<group>"; };
		CE647767299F482A0051CE1A /* MonthCalendar.swift */ = {isa = PBXFileReference; fileEncoding = 4; lastKnownFileType = sourcecode.swift; path = MonthCalendar.swift; sourceTree = "<group>"; };
		CE64776F299F50B90051CE1A /* TeskModel.swift */ = {isa = PBXFileReference; lastKnownFileType = sourcecode.swift; path = TeskModel.swift; sourceTree = "<group>"; };
		CE647772299F59D30051CE1A /* DetailTaskView.swift */ = {isa = PBXFileReference; lastKnownFileType = sourcecode.swift; path = DetailTaskView.swift; sourceTree = "<group>"; };
		CE64777429A0EEF00051CE1A /* SearchBar.swift */ = {isa = PBXFileReference; lastKnownFileType = sourcecode.swift; path = SearchBar.swift; sourceTree = "<group>"; };
		CE64777629A125220051CE1A /* CustomerCell.swift */ = {isa = PBXFileReference; lastKnownFileType = sourcecode.swift; path = CustomerCell.swift; sourceTree = "<group>"; };
		CE64777B29A134AD0051CE1A /* CustomerListModel.swift */ = {isa = PBXFileReference; lastKnownFileType = sourcecode.swift; path = CustomerListModel.swift; sourceTree = "<group>"; };
		CE64777D29A139ED0051CE1A /* AddCustomerView.swift */ = {isa = PBXFileReference; lastKnownFileType = sourcecode.swift; path = AddCustomerView.swift; sourceTree = "<group>"; };
		CE64777F29A147CD0051CE1A /* DetailCustomerView.swift */ = {isa = PBXFileReference; lastKnownFileType = sourcecode.swift; path = DetailCustomerView.swift; sourceTree = "<group>"; };
		CE64778129A1D0DC0051CE1A /* View + Extension.swift */ = {isa = PBXFileReference; lastKnownFileType = sourcecode.swift; path = "View + Extension.swift"; sourceTree = "<group>"; };
		CE64778329A1EE210051CE1A /* DetailCustomerCallCell.swift */ = {isa = PBXFileReference; lastKnownFileType = sourcecode.swift; path = DetailCustomerCallCell.swift; sourceTree = "<group>"; };
		CE64778529A1F14B0051CE1A /* DeviceSize.swift */ = {isa = PBXFileReference; lastKnownFileType = sourcecode.swift; path = DeviceSize.swift; sourceTree = "<group>"; };
		CE64778729A1FBAC0051CE1A /* CustomerDetailImage.swift */ = {isa = PBXFileReference; lastKnownFileType = sourcecode.swift; path = CustomerDetailImage.swift; sourceTree = "<group>"; };
		CE64778929A20E8D0051CE1A /* BasicButtonLabel.swift */ = {isa = PBXFileReference; lastKnownFileType = sourcecode.swift; path = BasicButtonLabel.swift; sourceTree = "<group>"; };
		CE64778B29A20EA10051CE1A /* BasicLineButtonLabel.swift */ = {isa = PBXFileReference; lastKnownFileType = sourcecode.swift; path = BasicLineButtonLabel.swift; sourceTree = "<group>"; };
		CE64778D29A2104F0051CE1A /* PlusButtonLabel.swift */ = {isa = PBXFileReference; lastKnownFileType = sourcecode.swift; path = PlusButtonLabel.swift; sourceTree = "<group>"; };
		CE64779229A3216F0051CE1A /* DetailCustomerViewModel.swift */ = {isa = PBXFileReference; lastKnownFileType = sourcecode.swift; path = DetailCustomerViewModel.swift; sourceTree = "<group>"; };
		CE64779529A34F0D0051CE1A /* BusinessCalendar.swift */ = {isa = PBXFileReference; lastKnownFileType = sourcecode.swift; path = BusinessCalendar.swift; sourceTree = "<group>"; };
		CE64779729A356A80051CE1A /* BusinessWeekCalendar.swift */ = {isa = PBXFileReference; lastKnownFileType = sourcecode.swift; path = BusinessWeekCalendar.swift; sourceTree = "<group>"; };
		CE64779929A3593B0051CE1A /* TESTVIEW.swift */ = {isa = PBXFileReference; lastKnownFileType = sourcecode.swift; path = TESTVIEW.swift; sourceTree = "<group>"; };
		CE64779B29A36B080051CE1A /* CalendarVM.swift */ = {isa = PBXFileReference; lastKnownFileType = sourcecode.swift; path = CalendarVM.swift; sourceTree = "<group>"; };
		CE8515992997AA4A008E5677 /* MainHomeView.swift */ = {isa = PBXFileReference; lastKnownFileType = sourcecode.swift; path = MainHomeView.swift; sourceTree = "<group>"; };
		CE85159B2997AA8F008E5677 /* BusinessManageView.swift */ = {isa = PBXFileReference; lastKnownFileType = sourcecode.swift; path = BusinessManageView.swift; sourceTree = "<group>"; };
		CE85159D2997AAAF008E5677 /* CustomerView.swift */ = {isa = PBXFileReference; lastKnownFileType = sourcecode.swift; path = CustomerView.swift; sourceTree = "<group>"; };
		CE85159F2997AAF8008E5677 /* MemberView.swift */ = {isa = PBXFileReference; lastKnownFileType = sourcecode.swift; path = MemberView.swift; sourceTree = "<group>"; };
		CE8515A12997D752008E5677 /* SettingView.swift */ = {isa = PBXFileReference; lastKnownFileType = sourcecode.swift; path = SettingView.swift; sourceTree = "<group>"; };
		CE8515A52998BB45008E5677 /* SettingModel.swift */ = {isa = PBXFileReference; lastKnownFileType = sourcecode.swift; path = SettingModel.swift; sourceTree = "<group>"; };
		CE8515B1299A071E008E5677 /* CalendarViewModel.swift */ = {isa = PBXFileReference; lastKnownFileType = sourcecode.swift; path = CalendarViewModel.swift; sourceTree = "<group>"; };
		CE9E57AE299201E700DCDB63 /* SignUpViewModel.swift */ = {isa = PBXFileReference; lastKnownFileType = sourcecode.swift; path = SignUpViewModel.swift; sourceTree = "<group>"; };
		CE9E57B629954CD700DCDB63 /* BasicTextFiled.swift */ = {isa = PBXFileReference; lastKnownFileType = sourcecode.swift; path = BasicTextFiled.swift; sourceTree = "<group>"; };
		CE9E57BC2995E80100DCDB63 /* TextFiledStyle.swift */ = {isa = PBXFileReference; lastKnownFileType = sourcecode.swift; path = TextFiledStyle.swift; sourceTree = "<group>"; };
		CE9E57BE2995E85400DCDB63 /* TapCase.swift */ = {isa = PBXFileReference; lastKnownFileType = sourcecode.swift; path = TapCase.swift; sourceTree = "<group>"; };
		CE9E57C12996063100DCDB63 /* CompanyCreateViewModel.swift */ = {isa = PBXFileReference; lastKnownFileType = sourcecode.swift; path = CompanyCreateViewModel.swift; sourceTree = "<group>"; };
		CE9E57C42996370200DCDB63 /* MainTabView.swift */ = {isa = PBXFileReference; lastKnownFileType = sourcecode.swift; path = MainTabView.swift; sourceTree = "<group>"; };
		CECAC34F29A3D35500FF8511 /* StartFinishDateView.swift */ = {isa = PBXFileReference; lastKnownFileType = sourcecode.swift; path = StartFinishDateView.swift; sourceTree = "<group>"; };
		CECAC35429A3DCAD00FF8511 /* OtherTaskLabel.swift */ = {isa = PBXFileReference; lastKnownFileType = sourcecode.swift; path = OtherTaskLabel.swift; sourceTree = "<group>"; };
		CECAC35629A3E36700FF8511 /* TaskWithDateCell.swift */ = {isa = PBXFileReference; lastKnownFileType = sourcecode.swift; path = TaskWithDateCell.swift; sourceTree = "<group>"; };
		CECAC35829A3EABE00FF8511 /* VisitGraphView.swift */ = {isa = PBXFileReference; lastKnownFileType = sourcecode.swift; path = VisitGraphView.swift; sourceTree = "<group>"; };
		CECAC35C29A3EE7200FF8511 /* AddBusinessView.swift */ = {isa = PBXFileReference; lastKnownFileType = sourcecode.swift; path = AddBusinessView.swift; sourceTree = "<group>"; };
		CECAC36029A3F4F800FF8511 /* AddBusinessViewModel.swift */ = {isa = PBXFileReference; lastKnownFileType = sourcecode.swift; path = AddBusinessViewModel.swift; sourceTree = "<group>"; };
		CECAC36229A3F68F00FF8511 /* ImportEmployeeLabel.swift */ = {isa = PBXFileReference; lastKnownFileType = sourcecode.swift; path = ImportEmployeeLabel.swift; sourceTree = "<group>"; };
		CECAC36429A3F97300FF8511 /* EmployeeProfileView.swift */ = {isa = PBXFileReference; lastKnownFileType = sourcecode.swift; path = EmployeeProfileView.swift; sourceTree = "<group>"; };
		CECAC36E29A46C3200FF8511 /* BusinessManagerViewModel.swift */ = {isa = PBXFileReference; lastKnownFileType = sourcecode.swift; path = BusinessManagerViewModel.swift; sourceTree = "<group>"; };
		CECAC37529A472EF00FF8511 /* SettingCategoryCell.swift */ = {isa = PBXFileReference; lastKnownFileType = sourcecode.swift; path = SettingCategoryCell.swift; sourceTree = "<group>"; };
		CECAC37829A4C71E00FF8511 /* CategoryOptionCell.swift */ = {isa = PBXFileReference; lastKnownFileType = sourcecode.swift; path = CategoryOptionCell.swift; sourceTree = "<group>"; };
		CECAC37A29A4D62C00FF8511 /* PopupCategoryView.swift */ = {isa = PBXFileReference; lastKnownFileType = sourcecode.swift; path = PopupCategoryView.swift; sourceTree = "<group>"; };
		CECAC37C29A5154000FF8511 /* CancelButtonLabel.swift */ = {isa = PBXFileReference; lastKnownFileType = sourcecode.swift; path = CancelButtonLabel.swift; sourceTree = "<group>"; };
		CECAC38829A5FBBB00FF8511 /* CategoryCircleColor.swift */ = {isa = PBXFileReference; lastKnownFileType = sourcecode.swift; path = CategoryCircleColor.swift; sourceTree = "<group>"; };
		CECAC38A29A60F2900FF8511 /* CatogoryModel.swift */ = {isa = PBXFileReference; lastKnownFileType = sourcecode.swift; path = CatogoryModel.swift; sourceTree = "<group>"; };
		CECAC38D29A6121B00FF8511 /* ChangeWorkCategoryViewModel.swift */ = {isa = PBXFileReference; lastKnownFileType = sourcecode.swift; path = ChangeWorkCategoryViewModel.swift; sourceTree = "<group>"; };
		CECAC38F29A62ED700FF8511 /* CategoryDeleteOptionCell.swift */ = {isa = PBXFileReference; lastKnownFileType = sourcecode.swift; path = CategoryDeleteOptionCell.swift; sourceTree = "<group>"; };
/* End PBXFileReference section */

/* Begin PBXFrameworksBuildPhase section */
		CE19D99F2990CE15003F4399 /* Frameworks */ = {
			isa = PBXFrameworksBuildPhase;
			buildActionMask = 2147483647;
			files = (
				CE8515A92999E9DD008E5677 /* FSCalendar in Frameworks */,
			);
			runOnlyForDeploymentPostprocessing = 0;
		};
/* End PBXFrameworksBuildPhase section */

/* Begin PBXGroup section */
		CE19D9992990CE15003F4399 = {
			isa = PBXGroup;
			children = (
				CE19D9A42990CE15003F4399 /* Umuljeong */,
				CE19D9A32990CE15003F4399 /* Products */,
			);
			sourceTree = "<group>";
		};
		CE19D9A32990CE15003F4399 /* Products */ = {
			isa = PBXGroup;
			children = (
				CE19D9A22990CE15003F4399 /* Umuljeong.app */,
			);
			name = Products;
			sourceTree = "<group>";
		};
		CE19D9A42990CE15003F4399 /* Umuljeong */ = {
			isa = PBXGroup;
			children = (
				CE19D9D02990F064003F4399 /* Info.plist */,
				CE19D9A52990CE15003F4399 /* UmuljeongApp.swift */,
				CE2904BF299F3E1400C9484E /* Common */,
				CE2904CE299F408300C9484E /* Data */,
				CE2904D2299F410700C9484E /* Presentation */,
				CE217AC9299A327F005C9CF2 /* Service */,
				CE9E57B3299501EC00DCDB63 /* Resource */,
				CE19D9AB2990CE16003F4399 /* Preview Content */,
			);
			path = Umuljeong;
			sourceTree = "<group>";
		};
		CE19D9AB2990CE16003F4399 /* Preview Content */ = {
			isa = PBXGroup;
			children = (
				CE19D9AC2990CE16003F4399 /* Preview Assets.xcassets */,
			);
			path = "Preview Content";
			sourceTree = "<group>";
		};
		CE19D9BB2990EE8D003F4399 /* Font */ = {
			isa = PBXGroup;
			children = (
				CE19D9C42990F016003F4399 /* Pretendard-Black.otf */,
				CE19D9BF2990F015003F4399 /* Pretendard-Bold.otf */,
				CE19D9C32990F016003F4399 /* Pretendard-ExtraBold.otf */,
				CE19D9C62990F016003F4399 /* Pretendard-ExtraLight.otf */,
				CE19D9C02990F015003F4399 /* Pretendard-Light.otf */,
				CE19D9C22990F016003F4399 /* Pretendard-Medium.otf */,
				CE19D9C12990F015003F4399 /* Pretendard-Regular.otf */,
				CE19D9C52990F016003F4399 /* Pretendard-SemiBold.otf */,
				CE19D9BE2990F015003F4399 /* Pretendard-Thin.otf */,
			);
			path = Font;
			sourceTree = "<group>";
		};
		CE217AC9299A327F005C9CF2 /* Service */ = {
			isa = PBXGroup;
			children = (
				CE2904BD299F3AD000C9484E /* Repository */,
				CE217ADF299B3E7B005C9CF2 /* CalendarService.swift */,
				CE217AE1299B5A03005C9CF2 /* SelectedData.swift */,
			);
			path = Service;
			sourceTree = "<group>";
		};
		CE2904AE299F34F700C9484E /* Components */ = {
			isa = PBXGroup;
			children = (
				CE64776C299F4D1B0051CE1A /* TextFiled */,
				CE64776D299F4D260051CE1A /* CustomCell */,
				CE64777429A0EEF00051CE1A /* SearchBar.swift */,
				CE64778929A20E8D0051CE1A /* BasicButtonLabel.swift */,
				CE64778B29A20EA10051CE1A /* BasicLineButtonLabel.swift */,
				CE64778D29A2104F0051CE1A /* PlusButtonLabel.swift */,
			);
			path = Components;
			sourceTree = "<group>";
		};
		CE2904B3299F352E00C9484E /* View */ = {
			isa = PBXGroup;
			children = (
				CE2904B5299F376600C9484E /* SignIn */,
				CE2904B6299F378900C9484E /* SignUp */,
				CE2904B7299F37AC00C9484E /* Tab + Home */,
				CE2904B8299F37F400C9484E /* Customer */,
				CE2904B9299F381D00C9484E /* Business */,
				CE2904BA299F382D00C9484E /* Employee */,
				CE2904BB299F383D00C9484E /* Setting */,
			);
			path = View;
			sourceTree = "<group>";
		};
		CE2904B5299F376600C9484E /* SignIn */ = {
			isa = PBXGroup;
			children = (
				CE19D9B32990EB18003F4399 /* SignInView.swift */,
			);
			path = SignIn;
			sourceTree = "<group>";
		};
		CE2904B6299F378900C9484E /* SignUp */ = {
			isa = PBXGroup;
			children = (
				CE2904D7299F45F100C9484E /* ViewModel */,
				CE9E57BE2995E85400DCDB63 /* TapCase.swift */,
				CE19D9B52990EB22003F4399 /* SignUpView.swift */,
				CE19D9B72990EB37003F4399 /* RoleSelectView.swift */,
				CE19D9B92990EB42003F4399 /* CompanyCreateView.swift */,
				CE647761299F47E40051CE1A /* SignUpBasicTextFiled.swift */,
				CE647763299F47FC0051CE1A /* ButtonTextFiled.swift */,
			);
			path = SignUp;
			sourceTree = "<group>";
		};
		CE2904B7299F37AC00C9484E /* Tab + Home */ = {
			isa = PBXGroup;
			children = (
				CE9E57C42996370200DCDB63 /* MainTabView.swift */,
				CE8515992997AA4A008E5677 /* MainHomeView.swift */,
				CE64776E299F4D760051CE1A /* SubViews */,
				CE2904D6299F45CB00C9484E /* ViewModel */,
			);
			path = "Tab + Home";
			sourceTree = "<group>";
		};
		CE2904B8299F37F400C9484E /* Customer */ = {
			isa = PBXGroup;
			children = (
				CE64779429A321950051CE1A /* ViewModel */,
				CE85159D2997AAAF008E5677 /* CustomerView.swift */,
				CE64777D29A139ED0051CE1A /* AddCustomerView.swift */,
				CE64777F29A147CD0051CE1A /* DetailCustomerView.swift */,
				CECAC35C29A3EE7200FF8511 /* AddBusinessView.swift */,
				CECAC36429A3F97300FF8511 /* EmployeeProfileView.swift */,
				CECAC35829A3EABE00FF8511 /* VisitGraphView.swift */,
				CE64777A29A127950051CE1A /* Components */,
			);
			path = Customer;
			sourceTree = "<group>";
		};
		CE2904B9299F381D00C9484E /* Business */ = {
			isa = PBXGroup;
			children = (
				CECAC36B29A46BE500FF8511 /* ViewModel */,
				CE85159B2997AA8F008E5677 /* BusinessManageView.swift */,
				CECAC37029A46E5000FF8511 /* Components */,
			);
			path = Business;
			sourceTree = "<group>";
		};
		CE2904BA299F382D00C9484E /* Employee */ = {
			isa = PBXGroup;
			children = (
				CE85159F2997AAF8008E5677 /* MemberView.swift */,
			);
			path = Employee;
			sourceTree = "<group>";
		};
		CE2904BB299F383D00C9484E /* Setting */ = {
			isa = PBXGroup;
			children = (
				CE8515A12997D752008E5677 /* SettingView.swift */,
				CECAC38C29A6120300FF8511 /* ViewModel */,
				CECAC37429A472C200FF8511 /* Components */,
				CE647771299F53C70051CE1A /* SubViews */,
			);
			path = Setting;
			sourceTree = "<group>";
		};
		CE2904BD299F3AD000C9484E /* Repository */ = {
			isa = PBXGroup;
			children = (
				CE217ADA299B3C60005C9CF2 /* Repository.swift */,
			);
			path = Repository;
			sourceTree = "<group>";
		};
		CE2904BF299F3E1400C9484E /* Common */ = {
			isa = PBXGroup;
			children = (
				CE64776B299F4C290051CE1A /* Protocol */,
				CE64776A299F4C230051CE1A /* Extension */,
				CE9E57C02995E89400DCDB63 /* Helper */,
				CE2904C0299F3E8700C9484E /* DesignGuide */,
				CE2904C1299F3E9F00C9484E /* NameSpace */,
			);
			path = Common;
			sourceTree = "<group>";
		};
		CE2904C0299F3E8700C9484E /* DesignGuide */ = {
			isa = PBXGroup;
			children = (
				CE2904CC299F3FE200C9484E /* TypoStyle.swift */,
			);
			path = DesignGuide;
			sourceTree = "<group>";
		};
		CE2904C1299F3E9F00C9484E /* NameSpace */ = {
			isa = PBXGroup;
			children = (
				CE2904C2299F3ED900C9484E /* Font.swift */,
				CE2904C4299F3EFC00C9484E /* Color.swift */,
				CE2904C6299F3F3D00C9484E /* Image.swift */,
				CE2904C8299F3F6E00C9484E /* Text.swift */,
				CE2904CA299F3F8B00C9484E /* URLs.swift */,
			);
			path = NameSpace;
			sourceTree = "<group>";
		};
		CE2904CE299F408300C9484E /* Data */ = {
			isa = PBXGroup;
			children = (
				CE2904D0299F40A100C9484E /* Entity */,
				CE2904CF299F409D00C9484E /* Model */,
			);
			path = Data;
			sourceTree = "<group>";
		};
		CE2904CF299F409D00C9484E /* Model */ = {
			isa = PBXGroup;
			children = (
				CE217ADC299B3C76005C9CF2 /* CalendarModel.swift */,
				CE8515A52998BB45008E5677 /* SettingModel.swift */,
				CE64776F299F50B90051CE1A /* TeskModel.swift */,
				CE64777B29A134AD0051CE1A /* CustomerListModel.swift */,
				CECAC38A29A60F2900FF8511 /* CatogoryModel.swift */,
			);
			path = Model;
			sourceTree = "<group>";
		};
		CE2904D0299F40A100C9484E /* Entity */ = {
			isa = PBXGroup;
			children = (
				CE2904D1299F40E700C9484E /* 용도 분류 */,
			);
			path = Entity;
			sourceTree = "<group>";
		};
		CE2904D1299F40E700C9484E /* 용도 분류 */ = {
			isa = PBXGroup;
			children = (
				CE217AD8299B3C42005C9CF2 /* Entity.swift */,
			);
			name = "용도 분류";
			path = "용도 분류";
			sourceTree = "<group>";
		};
		CE2904D2299F410700C9484E /* Presentation */ = {
			isa = PBXGroup;
			children = (
				CE2904D3299F415F00C9484E /* Common */,
				CE2904B3299F352E00C9484E /* View */,
			);
			path = Presentation;
			sourceTree = "<group>";
		};
		CE2904D3299F415F00C9484E /* Common */ = {
			isa = PBXGroup;
			children = (
				CE2904AE299F34F700C9484E /* Components */,
			);
			path = Common;
			sourceTree = "<group>";
		};
		CE2904D6299F45CB00C9484E /* ViewModel */ = {
			isa = PBXGroup;
			children = (
				CE8515B1299A071E008E5677 /* CalendarViewModel.swift */,
			);
			path = ViewModel;
			sourceTree = "<group>";
		};
		CE2904D7299F45F100C9484E /* ViewModel */ = {
			isa = PBXGroup;
			children = (
				CE9E57AE299201E700DCDB63 /* SignUpViewModel.swift */,
				CE9E57C12996063100DCDB63 /* CompanyCreateViewModel.swift */,
			);
			path = ViewModel;
			sourceTree = "<group>";
		};
		CE4A29FB29A39F5F007138AF /* 임시저장 */ = {
			isa = PBXGroup;
			children = (
				CE64779929A3593B0051CE1A /* TESTVIEW.swift */,
				CE64779529A34F0D0051CE1A /* BusinessCalendar.swift */,
				CE64779729A356A80051CE1A /* BusinessWeekCalendar.swift */,
			);
			name = "임시저장";
			path = "임시저장";
			sourceTree = "<group>";
		};
		CE647760299F47AE0051CE1A /* Calendar */ = {
			isa = PBXGroup;
			children = (
				CE647767299F482A0051CE1A /* MonthCalendar.swift */,
				CE647765299F48180051CE1A /* WeekCalendar.swift */,
			);
			path = Calendar;
			sourceTree = "<group>";
		};
		CE64776A299F4C230051CE1A /* Extension */ = {
			isa = PBXGroup;
			children = (
				CE64778129A1D0DC0051CE1A /* View + Extension.swift */,
			);
			path = Extension;
			sourceTree = "<group>";
		};
		CE64776B299F4C290051CE1A /* Protocol */ = {
			isa = PBXGroup;
			children = (
				CE64779B29A36B080051CE1A /* CalendarVM.swift */,
			);
			path = Protocol;
			sourceTree = "<group>";
		};
		CE64776C299F4D1B0051CE1A /* TextFiled */ = {
			isa = PBXGroup;
			children = (
				CE9E57B629954CD700DCDB63 /* BasicTextFiled.swift */,
			);
			path = TextFiled;
			sourceTree = "<group>";
		};
		CE64776D299F4D260051CE1A /* CustomCell */ = {
			isa = PBXGroup;
			children = (
				CE217B20299E2AE7005C9CF2 /* WorkListCell.swift */,
				CECAC37829A4C71E00FF8511 /* CategoryOptionCell.swift */,
				CECAC38F29A62ED700FF8511 /* CategoryDeleteOptionCell.swift */,
				CE217B22299E2BBC005C9CF2 /* CategoryLabel.swift */,
			);
			path = CustomCell;
			sourceTree = "<group>";
		};
		CE64776E299F4D760051CE1A /* SubViews */ = {
			isa = PBXGroup;
			children = (
				CE217AF7299DC41D005C9CF2 /* WorkListView.swift */,
				CE2904A8299F2CDF00C9484E /* AddWorkView.swift */,
				CE647772299F59D30051CE1A /* DetailTaskView.swift */,
				CE647760299F47AE0051CE1A /* Calendar */,
			);
			path = SubViews;
			sourceTree = "<group>";
		};
		CE647771299F53C70051CE1A /* SubViews */ = {
			isa = PBXGroup;
			children = (
				CE2904DB299F472100C9484E /* ChangeWorkCategoryView.swift */,
				CE2904DA299F472100C9484E /* ChangePasswordView.swift */,
				CE2904D8299F465A00C9484E /* LogoutView.swift */,
				CE2904E0299F474800C9484E /* ResignView.swift */,
				CE2904E2299F476400C9484E /* AppInfoView.swift */,
				CECAC37A29A4D62C00FF8511 /* PopupCategoryView.swift */,
			);
			path = SubViews;
			sourceTree = "<group>";
		};
		CE64777A29A127950051CE1A /* Components */ = {
			isa = PBXGroup;
			children = (
				CECAC35329A3DC8D00FF8511 /* Calendar */,
				CECAC35229A3DC6800FF8511 /* Cell */,
				CECAC35129A3DC5500FF8511 /* Label */,
				CE4A29FB29A39F5F007138AF /* 임시저장 */,
			);
			path = Components;
			sourceTree = "<group>";
		};
		CE64779429A321950051CE1A /* ViewModel */ = {
			isa = PBXGroup;
			children = (
				CE64779229A3216F0051CE1A /* DetailCustomerViewModel.swift */,
				CECAC36029A3F4F800FF8511 /* AddBusinessViewModel.swift */,
			);
			path = ViewModel;
			sourceTree = "<group>";
		};
		CE9E57B3299501EC00DCDB63 /* Resource */ = {
			isa = PBXGroup;
			children = (
				CE19D9BB2990EE8D003F4399 /* Font */,
				CE19D9A92990CE16003F4399 /* Assets.xcassets */,
			);
			path = Resource;
			sourceTree = "<group>";
		};
		CE9E57C02995E89400DCDB63 /* Helper */ = {
			isa = PBXGroup;
			children = (
				CE217ACA299A3293005C9CF2 /* CalendarFomatter.swift */,
				CE9E57BC2995E80100DCDB63 /* TextFiledStyle.swift */,
				CE64778529A1F14B0051CE1A /* DeviceSize.swift */,
			);
			path = Helper;
			sourceTree = "<group>";
		};
		CECAC35129A3DC5500FF8511 /* Label */ = {
			isa = PBXGroup;
			children = (
				CE64778729A1FBAC0051CE1A /* CustomerDetailImage.swift */,
				CECAC35429A3DCAD00FF8511 /* OtherTaskLabel.swift */,
				CECAC34F29A3D35500FF8511 /* StartFinishDateView.swift */,
				CECAC36229A3F68F00FF8511 /* ImportEmployeeLabel.swift */,
			);
			path = Label;
			sourceTree = "<group>";
		};
		CECAC35229A3DC6800FF8511 /* Cell */ = {
			isa = PBXGroup;
			children = (
				CE64778329A1EE210051CE1A /* DetailCustomerCallCell.swift */,
				CE64777629A125220051CE1A /* CustomerCell.swift */,
				CECAC35629A3E36700FF8511 /* TaskWithDateCell.swift */,
			);
			path = Cell;
			sourceTree = "<group>";
		};
		CECAC35329A3DC8D00FF8511 /* Calendar */ = {
			isa = PBXGroup;
			children = (
				CE4A29F929A39DE2007138AF /* StartDatePickCalendar.swift */,
				CE4A29FC29A3B0E2007138AF /* FinishDatePickCalendar.swift */,
			);
			path = Calendar;
			sourceTree = "<group>";
		};
		CECAC36B29A46BE500FF8511 /* ViewModel */ = {
			isa = PBXGroup;
			children = (
				CECAC36E29A46C3200FF8511 /* BusinessManagerViewModel.swift */,
			);
			path = ViewModel;
			sourceTree = "<group>";
		};
		CECAC37029A46E5000FF8511 /* Components */ = {
			isa = PBXGroup;
			children = (
				CECAC37129A46E5C00FF8511 /* Cell */,
			);
			path = Components;
			sourceTree = "<group>";
		};
		CECAC37129A46E5C00FF8511 /* Cell */ = {
			isa = PBXGroup;
			children = (
			);
			path = Cell;
			sourceTree = "<group>";
		};
		CECAC37429A472C200FF8511 /* Components */ = {
			isa = PBXGroup;
			children = (
				CECAC37C29A5154000FF8511 /* CancelButtonLabel.swift */,
				CECAC38829A5FBBB00FF8511 /* CategoryCircleColor.swift */,
				CECAC37729A4783300FF8511 /* Cell */,
			);
			path = Components;
			sourceTree = "<group>";
		};
		CECAC37729A4783300FF8511 /* Cell */ = {
			isa = PBXGroup;
			children = (
				CECAC37529A472EF00FF8511 /* SettingCategoryCell.swift */,
			);
			path = Cell;
			sourceTree = "<group>";
		};
		CECAC38C29A6120300FF8511 /* ViewModel */ = {
			isa = PBXGroup;
			children = (
				CECAC38D29A6121B00FF8511 /* ChangeWorkCategoryViewModel.swift */,
			);
			path = ViewModel;
			sourceTree = "<group>";
		};
/* End PBXGroup section */

/* Begin PBXNativeTarget section */
		CE19D9A12990CE15003F4399 /* Umuljeong */ = {
			isa = PBXNativeTarget;
			buildConfigurationList = CE19D9B02990CE16003F4399 /* Build configuration list for PBXNativeTarget "Umuljeong" */;
			buildPhases = (
				CE19D99E2990CE15003F4399 /* Sources */,
				CE19D99F2990CE15003F4399 /* Frameworks */,
				CE19D9A02990CE15003F4399 /* Resources */,
			);
			buildRules = (
			);
			dependencies = (
			);
			name = Umuljeong;
			packageProductDependencies = (
				CE8515A82999E9DD008E5677 /* FSCalendar */,
			);
			productName = Umuljeong;
			productReference = CE19D9A22990CE15003F4399 /* Umuljeong.app */;
			productType = "com.apple.product-type.application";
		};
/* End PBXNativeTarget section */

/* Begin PBXProject section */
		CE19D99A2990CE15003F4399 /* Project object */ = {
			isa = PBXProject;
			attributes = {
				BuildIndependentTargetsInParallel = 1;
				LastSwiftUpdateCheck = 1420;
				LastUpgradeCheck = 1420;
				TargetAttributes = {
					CE19D9A12990CE15003F4399 = {
						CreatedOnToolsVersion = 14.2;
					};
				};
			};
			buildConfigurationList = CE19D99D2990CE15003F4399 /* Build configuration list for PBXProject "Umuljeong" */;
			compatibilityVersion = "Xcode 14.0";
			developmentRegion = en;
			hasScannedForEncodings = 0;
			knownRegions = (
				en,
				Base,
			);
			mainGroup = CE19D9992990CE15003F4399;
			packageReferences = (
				CE8515A72999E9DD008E5677 /* XCRemoteSwiftPackageReference "FSCalendar" */,
			);
			productRefGroup = CE19D9A32990CE15003F4399 /* Products */;
			projectDirPath = "";
			projectRoot = "";
			targets = (
				CE19D9A12990CE15003F4399 /* Umuljeong */,
			);
		};
/* End PBXProject section */

/* Begin PBXResourcesBuildPhase section */
		CE19D9A02990CE15003F4399 /* Resources */ = {
			isa = PBXResourcesBuildPhase;
			buildActionMask = 2147483647;
			files = (
				CE19D9CB2990F016003F4399 /* Pretendard-Medium.otf in Resources */,
				CE19D9C72990F016003F4399 /* Pretendard-Thin.otf in Resources */,
				CE19D9CC2990F016003F4399 /* Pretendard-ExtraBold.otf in Resources */,
				CE19D9CA2990F016003F4399 /* Pretendard-Regular.otf in Resources */,
				CE19D9CD2990F016003F4399 /* Pretendard-Black.otf in Resources */,
				CE19D9C82990F016003F4399 /* Pretendard-Bold.otf in Resources */,
				CE19D9AD2990CE16003F4399 /* Preview Assets.xcassets in Resources */,
				CE19D9CE2990F016003F4399 /* Pretendard-SemiBold.otf in Resources */,
				CE19D9C92990F016003F4399 /* Pretendard-Light.otf in Resources */,
				CE19D9AA2990CE16003F4399 /* Assets.xcassets in Resources */,
				CE19D9CF2990F016003F4399 /* Pretendard-ExtraLight.otf in Resources */,
			);
			runOnlyForDeploymentPostprocessing = 0;
		};
/* End PBXResourcesBuildPhase section */

/* Begin PBXSourcesBuildPhase section */
		CE19D99E2990CE15003F4399 /* Sources */ = {
			isa = PBXSourcesBuildPhase;
			buildActionMask = 2147483647;
			files = (
				CE2904DD299F472100C9484E /* ChangeWorkCategoryView.swift in Sources */,
				CE217ADD299B3C76005C9CF2 /* CalendarModel.swift in Sources */,
				CE8515B2299A071E008E5677 /* CalendarViewModel.swift in Sources */,
				CE85159A2997AA4A008E5677 /* MainHomeView.swift in Sources */,
				CE647764299F47FC0051CE1A /* ButtonTextFiled.swift in Sources */,
				CE2904C3299F3ED900C9484E /* Font.swift in Sources */,
				CE647770299F50B90051CE1A /* TeskModel.swift in Sources */,
				CE64779C29A36B080051CE1A /* CalendarVM.swift in Sources */,
				CE647766299F48180051CE1A /* WeekCalendar.swift in Sources */,
				CE217ACB299A3293005C9CF2 /* CalendarFomatter.swift in Sources */,
				CE64779829A356A80051CE1A /* BusinessWeekCalendar.swift in Sources */,
				CECAC35929A3EABE00FF8511 /* VisitGraphView.swift in Sources */,
				CE2904E1299F474800C9484E /* ResignView.swift in Sources */,
				CE9E57BD2995E80100DCDB63 /* TextFiledStyle.swift in Sources */,
				CE8515A22997D752008E5677 /* SettingView.swift in Sources */,
				CE2904C7299F3F3D00C9484E /* Image.swift in Sources */,
				CE64778E29A2104F0051CE1A /* PlusButtonLabel.swift in Sources */,
				CECAC39029A62ED700FF8511 /* CategoryDeleteOptionCell.swift in Sources */,
				CE19D9BA2990EB42003F4399 /* CompanyCreateView.swift in Sources */,
				CE64779629A34F0D0051CE1A /* BusinessCalendar.swift in Sources */,
				CE64777E29A139ED0051CE1A /* AddCustomerView.swift in Sources */,
				CECAC37929A4C71E00FF8511 /* CategoryOptionCell.swift in Sources */,
				CE647773299F59D30051CE1A /* DetailTaskView.swift in Sources */,
				CE217B21299E2AE7005C9CF2 /* WorkListCell.swift in Sources */,
				CE647762299F47E40051CE1A /* SignUpBasicTextFiled.swift in Sources */,
				CE85159E2997AAAF008E5677 /* CustomerView.swift in Sources */,
				CECAC35729A3E36700FF8511 /* TaskWithDateCell.swift in Sources */,
				CE217ADB299B3C60005C9CF2 /* Repository.swift in Sources */,
				CECAC38929A5FBBB00FF8511 /* CategoryCircleColor.swift in Sources */,
				CECAC38B29A60F2900FF8511 /* CatogoryModel.swift in Sources */,
				CE217AF8299DC41D005C9CF2 /* WorkListView.swift in Sources */,
				CE64778029A147CD0051CE1A /* DetailCustomerView.swift in Sources */,
				CE19D9B62990EB22003F4399 /* SignUpView.swift in Sources */,
				CE64777C29A134AD0051CE1A /* CustomerListModel.swift in Sources */,
				CECAC36129A3F4F800FF8511 /* AddBusinessViewModel.swift in Sources */,
				CE2904C9299F3F6E00C9484E /* Text.swift in Sources */,
				CECAC36529A3F97300FF8511 /* EmployeeProfileView.swift in Sources */,
				CECAC36F29A46C3200FF8511 /* BusinessManagerViewModel.swift in Sources */,
				CE9E57B729954CD700DCDB63 /* BasicTextFiled.swift in Sources */,
				CE8515A62998BB45008E5677 /* SettingModel.swift in Sources */,
				CE2904C5299F3EFC00C9484E /* Color.swift in Sources */,
				CE2904D9299F465A00C9484E /* LogoutView.swift in Sources */,
				CE217B23299E2BBC005C9CF2 /* CategoryLabel.swift in Sources */,
				CECAC35529A3DCAD00FF8511 /* OtherTaskLabel.swift in Sources */,
				CE2904DC299F472100C9484E /* ChangePasswordView.swift in Sources */,
				CE2904E3299F476400C9484E /* AppInfoView.swift in Sources */,
				CE647768299F482A0051CE1A /* MonthCalendar.swift in Sources */,
				CE64779A29A3593B0051CE1A /* TESTVIEW.swift in Sources */,
				CECAC37D29A5154000FF8511 /* CancelButtonLabel.swift in Sources */,
				CE19D9B42990EB18003F4399 /* SignInView.swift in Sources */,
				CE2904A9299F2CDF00C9484E /* AddWorkView.swift in Sources */,
				CE4A29FD29A3B0E2007138AF /* FinishDatePickCalendar.swift in Sources */,
				CE9E57C22996063100DCDB63 /* CompanyCreateViewModel.swift in Sources */,
				CE64778429A1EE210051CE1A /* DetailCustomerCallCell.swift in Sources */,
				CE9E57C52996370200DCDB63 /* MainTabView.swift in Sources */,
				CECAC36329A3F68F00FF8511 /* ImportEmployeeLabel.swift in Sources */,
				CE64778829A1FBAC0051CE1A /* CustomerDetailImage.swift in Sources */,
				CECAC35029A3D35500FF8511 /* StartFinishDateView.swift in Sources */,
				CE217AD9299B3C42005C9CF2 /* Entity.swift in Sources */,
				CE217AE0299B3E7B005C9CF2 /* CalendarService.swift in Sources */,
				CECAC35D29A3EE7200FF8511 /* AddBusinessView.swift in Sources */,
				CE2904CB299F3F8B00C9484E /* URLs.swift in Sources */,
				CECAC38E29A6121B00FF8511 /* ChangeWorkCategoryViewModel.swift in Sources */,
				CE217AE2299B5A03005C9CF2 /* SelectedData.swift in Sources */,
				CECAC37B29A4D62C00FF8511 /* PopupCategoryView.swift in Sources */,
				CE64779329A3216F0051CE1A /* DetailCustomerViewModel.swift in Sources */,
				CE19D9A62990CE15003F4399 /* UmuljeongApp.swift in Sources */,
				CE64778229A1D0DC0051CE1A /* View + Extension.swift in Sources */,
				CE85159C2997AA8F008E5677 /* BusinessManageView.swift in Sources */,
				CE64777729A125220051CE1A /* CustomerCell.swift in Sources */,
				CE64777529A0EEF00051CE1A /* SearchBar.swift in Sources */,
				CE19D9B82990EB37003F4399 /* RoleSelectView.swift in Sources */,
				CE64778629A1F14B0051CE1A /* DeviceSize.swift in Sources */,
				CE2904CD299F3FE200C9484E /* TypoStyle.swift in Sources */,
				CE64778C29A20EA10051CE1A /* BasicLineButtonLabel.swift in Sources */,
				CE64778A29A20E8D0051CE1A /* BasicButtonLabel.swift in Sources */,
				CE9E57BF2995E85400DCDB63 /* TapCase.swift in Sources */,
				CE4A29FA29A39DE2007138AF /* StartDatePickCalendar.swift in Sources */,
				CE8515A02997AAF8008E5677 /* MemberView.swift in Sources */,
				CECAC37629A472EF00FF8511 /* SettingCategoryCell.swift in Sources */,
				CE9E57AF299201E700DCDB63 /* SignUpViewModel.swift in Sources */,
			);
			runOnlyForDeploymentPostprocessing = 0;
		};
/* End PBXSourcesBuildPhase section */

/* Begin XCBuildConfiguration section */
		CE19D9AE2990CE16003F4399 /* Debug */ = {
			isa = XCBuildConfiguration;
			buildSettings = {
				ALWAYS_SEARCH_USER_PATHS = NO;
				CLANG_ANALYZER_NONNULL = YES;
				CLANG_ANALYZER_NUMBER_OBJECT_CONVERSION = YES_AGGRESSIVE;
				CLANG_CXX_LANGUAGE_STANDARD = "gnu++20";
				CLANG_ENABLE_MODULES = YES;
				CLANG_ENABLE_OBJC_ARC = YES;
				CLANG_ENABLE_OBJC_WEAK = YES;
				CLANG_WARN_BLOCK_CAPTURE_AUTORELEASING = YES;
				CLANG_WARN_BOOL_CONVERSION = YES;
				CLANG_WARN_COMMA = YES;
				CLANG_WARN_CONSTANT_CONVERSION = YES;
				CLANG_WARN_DEPRECATED_OBJC_IMPLEMENTATIONS = YES;
				CLANG_WARN_DIRECT_OBJC_ISA_USAGE = YES_ERROR;
				CLANG_WARN_DOCUMENTATION_COMMENTS = YES;
				CLANG_WARN_EMPTY_BODY = YES;
				CLANG_WARN_ENUM_CONVERSION = YES;
				CLANG_WARN_INFINITE_RECURSION = YES;
				CLANG_WARN_INT_CONVERSION = YES;
				CLANG_WARN_NON_LITERAL_NULL_CONVERSION = YES;
				CLANG_WARN_OBJC_IMPLICIT_RETAIN_SELF = YES;
				CLANG_WARN_OBJC_LITERAL_CONVERSION = YES;
				CLANG_WARN_OBJC_ROOT_CLASS = YES_ERROR;
				CLANG_WARN_QUOTED_INCLUDE_IN_FRAMEWORK_HEADER = YES;
				CLANG_WARN_RANGE_LOOP_ANALYSIS = YES;
				CLANG_WARN_STRICT_PROTOTYPES = YES;
				CLANG_WARN_SUSPICIOUS_MOVE = YES;
				CLANG_WARN_UNGUARDED_AVAILABILITY = YES_AGGRESSIVE;
				CLANG_WARN_UNREACHABLE_CODE = YES;
				CLANG_WARN__DUPLICATE_METHOD_MATCH = YES;
				COPY_PHASE_STRIP = NO;
				DEBUG_INFORMATION_FORMAT = dwarf;
				ENABLE_STRICT_OBJC_MSGSEND = YES;
				ENABLE_TESTABILITY = YES;
				GCC_C_LANGUAGE_STANDARD = gnu11;
				GCC_DYNAMIC_NO_PIC = NO;
				GCC_NO_COMMON_BLOCKS = YES;
				GCC_OPTIMIZATION_LEVEL = 0;
				GCC_PREPROCESSOR_DEFINITIONS = (
					"DEBUG=1",
					"$(inherited)",
				);
				GCC_WARN_64_TO_32_BIT_CONVERSION = YES;
				GCC_WARN_ABOUT_RETURN_TYPE = YES_ERROR;
				GCC_WARN_UNDECLARED_SELECTOR = YES;
				GCC_WARN_UNINITIALIZED_AUTOS = YES_AGGRESSIVE;
				GCC_WARN_UNUSED_FUNCTION = YES;
				GCC_WARN_UNUSED_VARIABLE = YES;
				IPHONEOS_DEPLOYMENT_TARGET = 16.2;
				MTL_ENABLE_DEBUG_INFO = INCLUDE_SOURCE;
				MTL_FAST_MATH = YES;
				ONLY_ACTIVE_ARCH = YES;
				SDKROOT = iphoneos;
				SWIFT_ACTIVE_COMPILATION_CONDITIONS = DEBUG;
				SWIFT_OPTIMIZATION_LEVEL = "-Onone";
			};
			name = Debug;
		};
		CE19D9AF2990CE16003F4399 /* Release */ = {
			isa = XCBuildConfiguration;
			buildSettings = {
				ALWAYS_SEARCH_USER_PATHS = NO;
				CLANG_ANALYZER_NONNULL = YES;
				CLANG_ANALYZER_NUMBER_OBJECT_CONVERSION = YES_AGGRESSIVE;
				CLANG_CXX_LANGUAGE_STANDARD = "gnu++20";
				CLANG_ENABLE_MODULES = YES;
				CLANG_ENABLE_OBJC_ARC = YES;
				CLANG_ENABLE_OBJC_WEAK = YES;
				CLANG_WARN_BLOCK_CAPTURE_AUTORELEASING = YES;
				CLANG_WARN_BOOL_CONVERSION = YES;
				CLANG_WARN_COMMA = YES;
				CLANG_WARN_CONSTANT_CONVERSION = YES;
				CLANG_WARN_DEPRECATED_OBJC_IMPLEMENTATIONS = YES;
				CLANG_WARN_DIRECT_OBJC_ISA_USAGE = YES_ERROR;
				CLANG_WARN_DOCUMENTATION_COMMENTS = YES;
				CLANG_WARN_EMPTY_BODY = YES;
				CLANG_WARN_ENUM_CONVERSION = YES;
				CLANG_WARN_INFINITE_RECURSION = YES;
				CLANG_WARN_INT_CONVERSION = YES;
				CLANG_WARN_NON_LITERAL_NULL_CONVERSION = YES;
				CLANG_WARN_OBJC_IMPLICIT_RETAIN_SELF = YES;
				CLANG_WARN_OBJC_LITERAL_CONVERSION = YES;
				CLANG_WARN_OBJC_ROOT_CLASS = YES_ERROR;
				CLANG_WARN_QUOTED_INCLUDE_IN_FRAMEWORK_HEADER = YES;
				CLANG_WARN_RANGE_LOOP_ANALYSIS = YES;
				CLANG_WARN_STRICT_PROTOTYPES = YES;
				CLANG_WARN_SUSPICIOUS_MOVE = YES;
				CLANG_WARN_UNGUARDED_AVAILABILITY = YES_AGGRESSIVE;
				CLANG_WARN_UNREACHABLE_CODE = YES;
				CLANG_WARN__DUPLICATE_METHOD_MATCH = YES;
				COPY_PHASE_STRIP = NO;
				DEBUG_INFORMATION_FORMAT = "dwarf-with-dsym";
				ENABLE_NS_ASSERTIONS = NO;
				ENABLE_STRICT_OBJC_MSGSEND = YES;
				GCC_C_LANGUAGE_STANDARD = gnu11;
				GCC_NO_COMMON_BLOCKS = YES;
				GCC_WARN_64_TO_32_BIT_CONVERSION = YES;
				GCC_WARN_ABOUT_RETURN_TYPE = YES_ERROR;
				GCC_WARN_UNDECLARED_SELECTOR = YES;
				GCC_WARN_UNINITIALIZED_AUTOS = YES_AGGRESSIVE;
				GCC_WARN_UNUSED_FUNCTION = YES;
				GCC_WARN_UNUSED_VARIABLE = YES;
				IPHONEOS_DEPLOYMENT_TARGET = 16.2;
				MTL_ENABLE_DEBUG_INFO = NO;
				MTL_FAST_MATH = YES;
				SDKROOT = iphoneos;
				SWIFT_COMPILATION_MODE = wholemodule;
				SWIFT_OPTIMIZATION_LEVEL = "-O";
				VALIDATE_PRODUCT = YES;
			};
			name = Release;
		};
		CE19D9B12990CE16003F4399 /* Debug */ = {
			isa = XCBuildConfiguration;
			buildSettings = {
				ASSETCATALOG_COMPILER_APPICON_NAME = AppIcon;
				ASSETCATALOG_COMPILER_GLOBAL_ACCENT_COLOR_NAME = AccentColor;
				CODE_SIGN_STYLE = Automatic;
				CURRENT_PROJECT_VERSION = 1;
				DEVELOPMENT_ASSET_PATHS = "\"Umuljeong/Preview Content\"";
				DEVELOPMENT_TEAM = QVX6L7QGV2;
				ENABLE_PREVIEWS = YES;
				GENERATE_INFOPLIST_FILE = YES;
				INFOPLIST_FILE = Umuljeong/Info.plist;
				INFOPLIST_KEY_LSApplicationCategoryType = "";
				INFOPLIST_KEY_UIApplicationSceneManifest_Generation = YES;
				INFOPLIST_KEY_UIApplicationSupportsIndirectInputEvents = YES;
				INFOPLIST_KEY_UILaunchScreen_Generation = YES;
				INFOPLIST_KEY_UISupportedInterfaceOrientations_iPad = "UIInterfaceOrientationPortrait UIInterfaceOrientationPortraitUpsideDown UIInterfaceOrientationLandscapeLeft UIInterfaceOrientationLandscapeRight";
				INFOPLIST_KEY_UISupportedInterfaceOrientations_iPhone = "UIInterfaceOrientationPortrait UIInterfaceOrientationLandscapeLeft UIInterfaceOrientationLandscapeRight";
				LD_RUNPATH_SEARCH_PATHS = (
					"$(inherited)",
					"@executable_path/Frameworks",
				);
				MARKETING_VERSION = 1.0;
				PRODUCT_BUNDLE_IDENTIFIER = hyeun.Umuljeong;
				PRODUCT_NAME = "$(TARGET_NAME)";
				SWIFT_EMIT_LOC_STRINGS = YES;
				SWIFT_VERSION = 5.0;
				TARGETED_DEVICE_FAMILY = "1,2";
			};
			name = Debug;
		};
		CE19D9B22990CE16003F4399 /* Release */ = {
			isa = XCBuildConfiguration;
			buildSettings = {
				ASSETCATALOG_COMPILER_APPICON_NAME = AppIcon;
				ASSETCATALOG_COMPILER_GLOBAL_ACCENT_COLOR_NAME = AccentColor;
				CODE_SIGN_STYLE = Automatic;
				CURRENT_PROJECT_VERSION = 1;
				DEVELOPMENT_ASSET_PATHS = "\"Umuljeong/Preview Content\"";
				DEVELOPMENT_TEAM = QVX6L7QGV2;
				ENABLE_PREVIEWS = YES;
				GENERATE_INFOPLIST_FILE = YES;
				INFOPLIST_FILE = Umuljeong/Info.plist;
				INFOPLIST_KEY_LSApplicationCategoryType = "";
				INFOPLIST_KEY_UIApplicationSceneManifest_Generation = YES;
				INFOPLIST_KEY_UIApplicationSupportsIndirectInputEvents = YES;
				INFOPLIST_KEY_UILaunchScreen_Generation = YES;
				INFOPLIST_KEY_UISupportedInterfaceOrientations_iPad = "UIInterfaceOrientationPortrait UIInterfaceOrientationPortraitUpsideDown UIInterfaceOrientationLandscapeLeft UIInterfaceOrientationLandscapeRight";
				INFOPLIST_KEY_UISupportedInterfaceOrientations_iPhone = "UIInterfaceOrientationPortrait UIInterfaceOrientationLandscapeLeft UIInterfaceOrientationLandscapeRight";
				LD_RUNPATH_SEARCH_PATHS = (
					"$(inherited)",
					"@executable_path/Frameworks",
				);
				MARKETING_VERSION = 1.0;
				PRODUCT_BUNDLE_IDENTIFIER = hyeun.Umuljeong;
				PRODUCT_NAME = "$(TARGET_NAME)";
				SWIFT_EMIT_LOC_STRINGS = YES;
				SWIFT_VERSION = 5.0;
				TARGETED_DEVICE_FAMILY = "1,2";
			};
			name = Release;
		};
/* End XCBuildConfiguration section */

/* Begin XCConfigurationList section */
		CE19D99D2990CE15003F4399 /* Build configuration list for PBXProject "Umuljeong" */ = {
			isa = XCConfigurationList;
			buildConfigurations = (
				CE19D9AE2990CE16003F4399 /* Debug */,
				CE19D9AF2990CE16003F4399 /* Release */,
			);
			defaultConfigurationIsVisible = 0;
			defaultConfigurationName = Release;
		};
		CE19D9B02990CE16003F4399 /* Build configuration list for PBXNativeTarget "Umuljeong" */ = {
			isa = XCConfigurationList;
			buildConfigurations = (
				CE19D9B12990CE16003F4399 /* Debug */,
				CE19D9B22990CE16003F4399 /* Release */,
			);
			defaultConfigurationIsVisible = 0;
			defaultConfigurationName = Release;
		};
/* End XCConfigurationList section */

/* Begin XCRemoteSwiftPackageReference section */
		CE8515A72999E9DD008E5677 /* XCRemoteSwiftPackageReference "FSCalendar" */ = {
			isa = XCRemoteSwiftPackageReference;
			repositoryURL = "https://github.com/WenchaoD/FSCalendar";
			requirement = {
				kind = upToNextMajorVersion;
				minimumVersion = 2.0.0;
			};
		};
/* End XCRemoteSwiftPackageReference section */

/* Begin XCSwiftPackageProductDependency section */
		CE8515A82999E9DD008E5677 /* FSCalendar */ = {
			isa = XCSwiftPackageProductDependency;
			package = CE8515A72999E9DD008E5677 /* XCRemoteSwiftPackageReference "FSCalendar" */;
			productName = FSCalendar;
		};
/* End XCSwiftPackageProductDependency section */
	};
	rootObject = CE19D99A2990CE15003F4399 /* Project object */;
}
